// !$*UTF8*$!
{
	archiveVersion = 1;
	classes = {
	};
	objectVersion = 46;
	objects = {

/* Begin PBXBuildFile section */
		4605E1281B6C654000C3E917 /* OUProfileViewController.m in Sources */ = {isa = PBXBuildFile; fileRef = 4605E1271B6C654000C3E917 /* OUProfileViewController.m */; };
		4605E12E1B6CAFC500C3E917 /* OUTheme.m in Sources */ = {isa = PBXBuildFile; fileRef = 4605E12D1B6CAFC500C3E917 /* OUTheme.m */; };
		4605E1301B6CC18100C3E917 /* MapKit.framework in Frameworks */ = {isa = PBXBuildFile; fileRef = 4605E12F1B6CC18100C3E917 /* MapKit.framework */; };
		460D611D1B69C919008D1894 /* OUTabBarController.m in Sources */ = {isa = PBXBuildFile; fileRef = 460D611C1B69C919008D1894 /* OUTabBarController.m */; };
		4618DCE21B782A9800163647 /* OUCreatePostTextView.m in Sources */ = {isa = PBXBuildFile; fileRef = 4618DCE11B782A9800163647 /* OUCreatePostTextView.m */; };
		466EF69F1B688CCE00D099BD /* main.m in Sources */ = {isa = PBXBuildFile; fileRef = 466EF69E1B688CCE00D099BD /* main.m */; };
		466EF6A21B688CCE00D099BD /* AppDelegate.m in Sources */ = {isa = PBXBuildFile; fileRef = 466EF6A11B688CCE00D099BD /* AppDelegate.m */; };
		466EF6A81B688CCE00D099BD /* Main.storyboard in Resources */ = {isa = PBXBuildFile; fileRef = 466EF6A61B688CCE00D099BD /* Main.storyboard */; };
		466EF6AA1B688CCE00D099BD /* Images.xcassets in Resources */ = {isa = PBXBuildFile; fileRef = 466EF6A91B688CCE00D099BD /* Images.xcassets */; };
		466EF6AD1B688CCE00D099BD /* LaunchScreen.xib in Resources */ = {isa = PBXBuildFile; fileRef = 466EF6AB1B688CCE00D099BD /* LaunchScreen.xib */; };
		466EF6B91B688CCF00D099BD /* OverheardUniversityTests.m in Sources */ = {isa = PBXBuildFile; fileRef = 466EF6B81B688CCF00D099BD /* OverheardUniversityTests.m */; };
		466EF6C81B688E8300D099BD /* OUCache.m in Sources */ = {isa = PBXBuildFile; fileRef = 466EF6C31B688E8300D099BD /* OUCache.m */; };
		466EF6C91B688E8300D099BD /* OUConstants.m in Sources */ = {isa = PBXBuildFile; fileRef = 466EF6C51B688E8300D099BD /* OUConstants.m */; };
		466EF6CA1B688E8300D099BD /* OUUtility.m in Sources */ = {isa = PBXBuildFile; fileRef = 466EF6C71B688E8300D099BD /* OUUtility.m */; };
		466EF6D21B688F8C00D099BD /* UIImage+AlphaAdditions.m in Sources */ = {isa = PBXBuildFile; fileRef = 466EF6CD1B688F8C00D099BD /* UIImage+AlphaAdditions.m */; };
		466EF6D31B688F8C00D099BD /* UIImage+ResizeAdditions.m in Sources */ = {isa = PBXBuildFile; fileRef = 466EF6CF1B688F8C00D099BD /* UIImage+ResizeAdditions.m */; };
		466EF6D41B688F8C00D099BD /* UIImage+RoundedCornerAdditions.m in Sources */ = {isa = PBXBuildFile; fileRef = 466EF6D11B688F8C00D099BD /* UIImage+RoundedCornerAdditions.m */; };
		466EF6D91B689D2400D099BD /* Reachability.m in Sources */ = {isa = PBXBuildFile; fileRef = 466EF6D81B689D2400D099BD /* Reachability.m */; settings = {COMPILER_FLAGS = "-fno-objc-arc"; }; };
		466EF6DD1B689D4100D099BD /* MBProgressHUD.m in Sources */ = {isa = PBXBuildFile; fileRef = 466EF6DC1B689D4100D099BD /* MBProgressHUD.m */; };
		4671C6101B6D6BF4007281EA /* OUFetch.m in Sources */ = {isa = PBXBuildFile; fileRef = 4671C60F1B6D6BF4007281EA /* OUFetch.m */; };
		4671C6131B6F3A8D007281EA /* OUListenButton.m in Sources */ = {isa = PBXBuildFile; fileRef = 4671C6121B6F3A8D007281EA /* OUListenButton.m */; };
		4671C6161B6F44B2007281EA /* OULocationCarouselItem.m in Sources */ = {isa = PBXBuildFile; fileRef = 4671C6151B6F44B2007281EA /* OULocationCarouselItem.m */; };
		468A213D1B6B1AD200C4D204 /* OULocationCarousel.m in Sources */ = {isa = PBXBuildFile; fileRef = 468A213C1B6B1AD200C4D204 /* OULocationCarousel.m */; };
		468A21411B6B1EA500C4D204 /* OUHomeViewController.m in Sources */ = {isa = PBXBuildFile; fileRef = 468A21401B6B1EA500C4D204 /* OUHomeViewController.m */; };
		468A21441B6B207E00C4D204 /* OUSchoolCarousel.m in Sources */ = {isa = PBXBuildFile; fileRef = 468A21431B6B207E00C4D204 /* OUSchoolCarousel.m */; };
		468A21471B6B20DA00C4D204 /* OUBubbleViewController.m in Sources */ = {isa = PBXBuildFile; fileRef = 468A21461B6B20DA00C4D204 /* OUBubbleViewController.m */; };
		468A214A1B6B20F600C4D204 /* OUFeedViewController.m in Sources */ = {isa = PBXBuildFile; fileRef = 468A21491B6B20F600C4D204 /* OUFeedViewController.m */; };
		468A214E1B6B26CC00C4D204 /* OUWelcomeViewController.m in Sources */ = {isa = PBXBuildFile; fileRef = 468A214D1B6B26CC00C4D204 /* OUWelcomeViewController.m */; };
		468A21511B6B27F500C4D204 /* OURegisterViewController.m in Sources */ = {isa = PBXBuildFile; fileRef = 468A21501B6B27F500C4D204 /* OURegisterViewController.m */; };
		468A21541B6B280C00C4D204 /* OULogInViewController.m in Sources */ = {isa = PBXBuildFile; fileRef = 468A21531B6B280C00C4D204 /* OULogInViewController.m */; };
		46C2A8CD1B7D968200525D40 /* OUFooterView.m in Sources */ = {isa = PBXBuildFile; fileRef = 46C2A8CC1B7D968200525D40 /* OUFooterView.m */; };
		46C2A8D01B7DADE000525D40 /* OUBuildingCarousel.m in Sources */ = {isa = PBXBuildFile; fileRef = 46C2A8CF1B7DADE000525D40 /* OUBuildingCarousel.m */; };
		46C2A8D41B7DAE7100525D40 /* OUParticipantCarousel.m in Sources */ = {isa = PBXBuildFile; fileRef = 46C2A8D31B7DAE7100525D40 /* OUParticipantCarousel.m */; };
		46C2A8D91B7DB13100525D40 /* OUBuildingCarouselButton.m in Sources */ = {isa = PBXBuildFile; fileRef = 46C2A8D81B7DB13100525D40 /* OUBuildingCarouselButton.m */; };
		46C2A8DD1B7DB68400525D40 /* OUCreatePostCarousel.m in Sources */ = {isa = PBXBuildFile; fileRef = 46C2A8DC1B7DB68400525D40 /* OUCreatePostCarousel.m */; };
		46C2A8E01B7DD08F00525D40 /* OUHeaderView.m in Sources */ = {isa = PBXBuildFile; fileRef = 46C2A8DF1B7DD08F00525D40 /* OUHeaderView.m */; };
		9F67C7024016B7D627C55C4C /* libPods-OverheardUniversity.a in Frameworks */ = {isa = PBXBuildFile; fileRef = CE19B57B8F3D9F615A3EB155 /* libPods-OverheardUniversity.a */; };
/* End PBXBuildFile section */

/* Begin PBXContainerItemProxy section */
		466EF6B31B688CCF00D099BD /* PBXContainerItemProxy */ = {
			isa = PBXContainerItemProxy;
			containerPortal = 466EF6911B688CCE00D099BD /* Project object */;
			proxyType = 1;
			remoteGlobalIDString = 466EF6981B688CCE00D099BD;
			remoteInfo = OverheardUniversity;
		};
/* End PBXContainerItemProxy section */

/* Begin PBXFileReference section */
		4605E1261B6C654000C3E917 /* OUProfileViewController.h */ = {isa = PBXFileReference; fileEncoding = 4; lastKnownFileType = sourcecode.c.h; path = OUProfileViewController.h; sourceTree = "<group>"; };
		4605E1271B6C654000C3E917 /* OUProfileViewController.m */ = {isa = PBXFileReference; fileEncoding = 4; lastKnownFileType = sourcecode.c.objc; path = OUProfileViewController.m; sourceTree = "<group>"; };
		4605E12C1B6CAFC500C3E917 /* OUTheme.h */ = {isa = PBXFileReference; fileEncoding = 4; lastKnownFileType = sourcecode.c.h; path = OUTheme.h; sourceTree = "<group>"; };
		4605E12D1B6CAFC500C3E917 /* OUTheme.m */ = {isa = PBXFileReference; fileEncoding = 4; lastKnownFileType = sourcecode.c.objc; path = OUTheme.m; sourceTree = "<group>"; };
		4605E12F1B6CC18100C3E917 /* MapKit.framework */ = {isa = PBXFileReference; lastKnownFileType = wrapper.framework; name = MapKit.framework; path = System/Library/Frameworks/MapKit.framework; sourceTree = SDKROOT; };
		460D611B1B69C919008D1894 /* OUTabBarController.h */ = {isa = PBXFileReference; fileEncoding = 4; lastKnownFileType = sourcecode.c.h; name = OUTabBarController.h; path = Controllers/OUTabBarController.h; sourceTree = "<group>"; };
		460D611C1B69C919008D1894 /* OUTabBarController.m */ = {isa = PBXFileReference; fileEncoding = 4; lastKnownFileType = sourcecode.c.objc; name = OUTabBarController.m; path = Controllers/OUTabBarController.m; sourceTree = "<group>"; };
		4618DCE01B782A9800163647 /* OUCreatePostTextView.h */ = {isa = PBXFileReference; fileEncoding = 4; lastKnownFileType = sourcecode.c.h; path = OUCreatePostTextView.h; sourceTree = "<group>"; };
		4618DCE11B782A9800163647 /* OUCreatePostTextView.m */ = {isa = PBXFileReference; fileEncoding = 4; lastKnownFileType = sourcecode.c.objc; path = OUCreatePostTextView.m; sourceTree = "<group>"; };
		466EF6991B688CCE00D099BD /* OverheardUniversity.app */ = {isa = PBXFileReference; explicitFileType = wrapper.application; includeInIndex = 0; path = OverheardUniversity.app; sourceTree = BUILT_PRODUCTS_DIR; };
		466EF69D1B688CCE00D099BD /* Info.plist */ = {isa = PBXFileReference; lastKnownFileType = text.plist.xml; path = Info.plist; sourceTree = "<group>"; };
		466EF69E1B688CCE00D099BD /* main.m */ = {isa = PBXFileReference; lastKnownFileType = sourcecode.c.objc; path = main.m; sourceTree = "<group>"; };
		466EF6A01B688CCE00D099BD /* AppDelegate.h */ = {isa = PBXFileReference; lastKnownFileType = sourcecode.c.h; path = AppDelegate.h; sourceTree = "<group>"; };
		466EF6A11B688CCE00D099BD /* AppDelegate.m */ = {isa = PBXFileReference; lastKnownFileType = sourcecode.c.objc; path = AppDelegate.m; sourceTree = "<group>"; };
		466EF6A71B688CCE00D099BD /* Base */ = {isa = PBXFileReference; lastKnownFileType = file.storyboard; name = Base; path = Base.lproj/Main.storyboard; sourceTree = "<group>"; };
		466EF6A91B688CCE00D099BD /* Images.xcassets */ = {isa = PBXFileReference; lastKnownFileType = folder.assetcatalog; path = Images.xcassets; sourceTree = "<group>"; };
		466EF6AC1B688CCE00D099BD /* Base */ = {isa = PBXFileReference; lastKnownFileType = file.xib; name = Base; path = Base.lproj/LaunchScreen.xib; sourceTree = "<group>"; };
		466EF6B21B688CCF00D099BD /* OverheardUniversityTests.xctest */ = {isa = PBXFileReference; explicitFileType = wrapper.cfbundle; includeInIndex = 0; path = OverheardUniversityTests.xctest; sourceTree = BUILT_PRODUCTS_DIR; };
		466EF6B71B688CCF00D099BD /* Info.plist */ = {isa = PBXFileReference; lastKnownFileType = text.plist.xml; path = Info.plist; sourceTree = "<group>"; };
		466EF6B81B688CCF00D099BD /* OverheardUniversityTests.m */ = {isa = PBXFileReference; lastKnownFileType = sourcecode.c.objc; path = OverheardUniversityTests.m; sourceTree = "<group>"; };
		466EF6C21B688E8300D099BD /* OUCache.h */ = {isa = PBXFileReference; fileEncoding = 4; lastKnownFileType = sourcecode.c.h; path = OUCache.h; sourceTree = "<group>"; };
		466EF6C31B688E8300D099BD /* OUCache.m */ = {isa = PBXFileReference; fileEncoding = 4; lastKnownFileType = sourcecode.c.objc; path = OUCache.m; sourceTree = "<group>"; };
		466EF6C41B688E8300D099BD /* OUConstants.h */ = {isa = PBXFileReference; fileEncoding = 4; lastKnownFileType = sourcecode.c.h; path = OUConstants.h; sourceTree = "<group>"; };
		466EF6C51B688E8300D099BD /* OUConstants.m */ = {isa = PBXFileReference; fileEncoding = 4; lastKnownFileType = sourcecode.c.objc; path = OUConstants.m; sourceTree = "<group>"; };
		466EF6C61B688E8300D099BD /* OUUtility.h */ = {isa = PBXFileReference; fileEncoding = 4; lastKnownFileType = sourcecode.c.h; path = OUUtility.h; sourceTree = "<group>"; };
		466EF6C71B688E8300D099BD /* OUUtility.m */ = {isa = PBXFileReference; fileEncoding = 4; lastKnownFileType = sourcecode.c.objc; path = OUUtility.m; sourceTree = "<group>"; };
		466EF6CC1B688F8C00D099BD /* UIImage+AlphaAdditions.h */ = {isa = PBXFileReference; fileEncoding = 4; lastKnownFileType = sourcecode.c.h; path = "UIImage+AlphaAdditions.h"; sourceTree = "<group>"; };
		466EF6CD1B688F8C00D099BD /* UIImage+AlphaAdditions.m */ = {isa = PBXFileReference; fileEncoding = 4; lastKnownFileType = sourcecode.c.objc; path = "UIImage+AlphaAdditions.m"; sourceTree = "<group>"; };
		466EF6CE1B688F8C00D099BD /* UIImage+ResizeAdditions.h */ = {isa = PBXFileReference; fileEncoding = 4; lastKnownFileType = sourcecode.c.h; path = "UIImage+ResizeAdditions.h"; sourceTree = "<group>"; };
		466EF6CF1B688F8C00D099BD /* UIImage+ResizeAdditions.m */ = {isa = PBXFileReference; fileEncoding = 4; lastKnownFileType = sourcecode.c.objc; path = "UIImage+ResizeAdditions.m"; sourceTree = "<group>"; };
		466EF6D01B688F8C00D099BD /* UIImage+RoundedCornerAdditions.h */ = {isa = PBXFileReference; fileEncoding = 4; lastKnownFileType = sourcecode.c.h; path = "UIImage+RoundedCornerAdditions.h"; sourceTree = "<group>"; };
		466EF6D11B688F8C00D099BD /* UIImage+RoundedCornerAdditions.m */ = {isa = PBXFileReference; fileEncoding = 4; lastKnownFileType = sourcecode.c.objc; path = "UIImage+RoundedCornerAdditions.m"; sourceTree = "<group>"; };
		466EF6D71B689D2400D099BD /* Reachability.h */ = {isa = PBXFileReference; fileEncoding = 4; lastKnownFileType = sourcecode.c.h; path = Reachability.h; sourceTree = "<group>"; };
		466EF6D81B689D2400D099BD /* Reachability.m */ = {isa = PBXFileReference; fileEncoding = 4; lastKnownFileType = sourcecode.c.objc; path = Reachability.m; sourceTree = "<group>"; };
		466EF6DB1B689D4100D099BD /* MBProgressHUD.h */ = {isa = PBXFileReference; fileEncoding = 4; lastKnownFileType = sourcecode.c.h; path = MBProgressHUD.h; sourceTree = "<group>"; };
		466EF6DC1B689D4100D099BD /* MBProgressHUD.m */ = {isa = PBXFileReference; fileEncoding = 4; lastKnownFileType = sourcecode.c.objc; path = MBProgressHUD.m; sourceTree = "<group>"; };
		4671C60E1B6D6BF4007281EA /* OUFetch.h */ = {isa = PBXFileReference; fileEncoding = 4; lastKnownFileType = sourcecode.c.h; path = OUFetch.h; sourceTree = "<group>"; };
		4671C60F1B6D6BF4007281EA /* OUFetch.m */ = {isa = PBXFileReference; fileEncoding = 4; lastKnownFileType = sourcecode.c.objc; path = OUFetch.m; sourceTree = "<group>"; };
		4671C6111B6F3A8D007281EA /* OUListenButton.h */ = {isa = PBXFileReference; fileEncoding = 4; lastKnownFileType = sourcecode.c.h; path = OUListenButton.h; sourceTree = "<group>"; };
		4671C6121B6F3A8D007281EA /* OUListenButton.m */ = {isa = PBXFileReference; fileEncoding = 4; lastKnownFileType = sourcecode.c.objc; path = OUListenButton.m; sourceTree = "<group>"; };
		4671C6141B6F44B2007281EA /* OULocationCarouselItem.h */ = {isa = PBXFileReference; fileEncoding = 4; lastKnownFileType = sourcecode.c.h; path = OULocationCarouselItem.h; sourceTree = "<group>"; };
		4671C6151B6F44B2007281EA /* OULocationCarouselItem.m */ = {isa = PBXFileReference; fileEncoding = 4; lastKnownFileType = sourcecode.c.objc; path = OULocationCarouselItem.m; sourceTree = "<group>"; };
		468A213B1B6B1AD200C4D204 /* OULocationCarousel.h */ = {isa = PBXFileReference; fileEncoding = 4; lastKnownFileType = sourcecode.c.h; path = OULocationCarousel.h; sourceTree = "<group>"; };
		468A213C1B6B1AD200C4D204 /* OULocationCarousel.m */ = {isa = PBXFileReference; fileEncoding = 4; lastKnownFileType = sourcecode.c.objc; path = OULocationCarousel.m; sourceTree = "<group>"; };
		468A213F1B6B1EA500C4D204 /* OUHomeViewController.h */ = {isa = PBXFileReference; fileEncoding = 4; lastKnownFileType = sourcecode.c.h; path = OUHomeViewController.h; sourceTree = "<group>"; };
		468A21401B6B1EA500C4D204 /* OUHomeViewController.m */ = {isa = PBXFileReference; fileEncoding = 4; lastKnownFileType = sourcecode.c.objc; path = OUHomeViewController.m; sourceTree = "<group>"; };
		468A21421B6B207E00C4D204 /* OUSchoolCarousel.h */ = {isa = PBXFileReference; fileEncoding = 4; lastKnownFileType = sourcecode.c.h; path = OUSchoolCarousel.h; sourceTree = "<group>"; };
		468A21431B6B207E00C4D204 /* OUSchoolCarousel.m */ = {isa = PBXFileReference; fileEncoding = 4; lastKnownFileType = sourcecode.c.objc; path = OUSchoolCarousel.m; sourceTree = "<group>"; };
		468A21451B6B20DA00C4D204 /* OUBubbleViewController.h */ = {isa = PBXFileReference; fileEncoding = 4; lastKnownFileType = sourcecode.c.h; path = OUBubbleViewController.h; sourceTree = "<group>"; };
		468A21461B6B20DA00C4D204 /* OUBubbleViewController.m */ = {isa = PBXFileReference; fileEncoding = 4; lastKnownFileType = sourcecode.c.objc; path = OUBubbleViewController.m; sourceTree = "<group>"; };
		468A21481B6B20F600C4D204 /* OUFeedViewController.h */ = {isa = PBXFileReference; fileEncoding = 4; lastKnownFileType = sourcecode.c.h; path = OUFeedViewController.h; sourceTree = "<group>"; };
		468A21491B6B20F600C4D204 /* OUFeedViewController.m */ = {isa = PBXFileReference; fileEncoding = 4; lastKnownFileType = sourcecode.c.objc; path = OUFeedViewController.m; sourceTree = "<group>"; };
		468A214C1B6B26CC00C4D204 /* OUWelcomeViewController.h */ = {isa = PBXFileReference; fileEncoding = 4; lastKnownFileType = sourcecode.c.h; path = OUWelcomeViewController.h; sourceTree = "<group>"; };
		468A214D1B6B26CC00C4D204 /* OUWelcomeViewController.m */ = {isa = PBXFileReference; fileEncoding = 4; lastKnownFileType = sourcecode.c.objc; path = OUWelcomeViewController.m; sourceTree = "<group>"; };
		468A214F1B6B27F500C4D204 /* OURegisterViewController.h */ = {isa = PBXFileReference; fileEncoding = 4; lastKnownFileType = sourcecode.c.h; path = OURegisterViewController.h; sourceTree = "<group>"; };
		468A21501B6B27F500C4D204 /* OURegisterViewController.m */ = {isa = PBXFileReference; fileEncoding = 4; lastKnownFileType = sourcecode.c.objc; path = OURegisterViewController.m; sourceTree = "<group>"; };
		468A21521B6B280C00C4D204 /* OULogInViewController.h */ = {isa = PBXFileReference; fileEncoding = 4; lastKnownFileType = sourcecode.c.h; path = OULogInViewController.h; sourceTree = "<group>"; };
		468A21531B6B280C00C4D204 /* OULogInViewController.m */ = {isa = PBXFileReference; fileEncoding = 4; lastKnownFileType = sourcecode.c.objc; path = OULogInViewController.m; sourceTree = "<group>"; };
		46C2A8CB1B7D968200525D40 /* OUFooterView.h */ = {isa = PBXFileReference; fileEncoding = 4; lastKnownFileType = sourcecode.c.h; path = OUFooterView.h; sourceTree = "<group>"; };
		46C2A8CC1B7D968200525D40 /* OUFooterView.m */ = {isa = PBXFileReference; fileEncoding = 4; lastKnownFileType = sourcecode.c.objc; path = OUFooterView.m; sourceTree = "<group>"; };
		46C2A8CE1B7DADE000525D40 /* OUBuildingCarousel.h */ = {isa = PBXFileReference; fileEncoding = 4; lastKnownFileType = sourcecode.c.h; path = OUBuildingCarousel.h; sourceTree = "<group>"; };
		46C2A8CF1B7DADE000525D40 /* OUBuildingCarousel.m */ = {isa = PBXFileReference; fileEncoding = 4; lastKnownFileType = sourcecode.c.objc; path = OUBuildingCarousel.m; sourceTree = "<group>"; };
		46C2A8D21B7DAE7100525D40 /* OUParticipantCarousel.h */ = {isa = PBXFileReference; fileEncoding = 4; lastKnownFileType = sourcecode.c.h; path = OUParticipantCarousel.h; sourceTree = "<group>"; };
		46C2A8D31B7DAE7100525D40 /* OUParticipantCarousel.m */ = {isa = PBXFileReference; fileEncoding = 4; lastKnownFileType = sourcecode.c.objc; path = OUParticipantCarousel.m; sourceTree = "<group>"; };
		46C2A8D71B7DB13100525D40 /* OUBuildingCarouselButton.h */ = {isa = PBXFileReference; fileEncoding = 4; lastKnownFileType = sourcecode.c.h; path = OUBuildingCarouselButton.h; sourceTree = "<group>"; };
		46C2A8D81B7DB13100525D40 /* OUBuildingCarouselButton.m */ = {isa = PBXFileReference; fileEncoding = 4; lastKnownFileType = sourcecode.c.objc; path = OUBuildingCarouselButton.m; sourceTree = "<group>"; };
		46C2A8DB1B7DB68400525D40 /* OUCreatePostCarousel.h */ = {isa = PBXFileReference; fileEncoding = 4; lastKnownFileType = sourcecode.c.h; path = OUCreatePostCarousel.h; sourceTree = "<group>"; };
		46C2A8DC1B7DB68400525D40 /* OUCreatePostCarousel.m */ = {isa = PBXFileReference; fileEncoding = 4; lastKnownFileType = sourcecode.c.objc; path = OUCreatePostCarousel.m; sourceTree = "<group>"; };
		46C2A8DE1B7DD08F00525D40 /* OUHeaderView.h */ = {isa = PBXFileReference; fileEncoding = 4; lastKnownFileType = sourcecode.c.h; path = OUHeaderView.h; sourceTree = "<group>"; };
		46C2A8DF1B7DD08F00525D40 /* OUHeaderView.m */ = {isa = PBXFileReference; fileEncoding = 4; lastKnownFileType = sourcecode.c.objc; path = OUHeaderView.m; sourceTree = "<group>"; };
		ADF1B07972D822386067B737 /* Pods-OverheardUniversity.debug.xcconfig */ = {isa = PBXFileReference; includeInIndex = 1; lastKnownFileType = text.xcconfig; name = "Pods-OverheardUniversity.debug.xcconfig"; path = "Pods/Target Support Files/Pods-OverheardUniversity/Pods-OverheardUniversity.debug.xcconfig"; sourceTree = "<group>"; };
		CE19B57B8F3D9F615A3EB155 /* libPods-OverheardUniversity.a */ = {isa = PBXFileReference; explicitFileType = archive.ar; includeInIndex = 0; path = "libPods-OverheardUniversity.a"; sourceTree = BUILT_PRODUCTS_DIR; };
		E6DA70CB314E5EEC9CF85ED2 /* Pods-OverheardUniversity.release.xcconfig */ = {isa = PBXFileReference; includeInIndex = 1; lastKnownFileType = text.xcconfig; name = "Pods-OverheardUniversity.release.xcconfig"; path = "Pods/Target Support Files/Pods-OverheardUniversity/Pods-OverheardUniversity.release.xcconfig"; sourceTree = "<group>"; };
/* End PBXFileReference section */

/* Begin PBXFrameworksBuildPhase section */
		466EF6961B688CCE00D099BD /* Frameworks */ = {
			isa = PBXFrameworksBuildPhase;
			buildActionMask = 2147483647;
			files = (
				4605E1301B6CC18100C3E917 /* MapKit.framework in Frameworks */,
				9F67C7024016B7D627C55C4C /* libPods-OverheardUniversity.a in Frameworks */,
			);
			runOnlyForDeploymentPostprocessing = 0;
		};
		466EF6AF1B688CCF00D099BD /* Frameworks */ = {
			isa = PBXFrameworksBuildPhase;
			buildActionMask = 2147483647;
			files = (
			);
			runOnlyForDeploymentPostprocessing = 0;
		};
/* End PBXFrameworksBuildPhase section */

/* Begin PBXGroup section */
		4605E1341B6D514E00C3E917 /* Tabs */ = {
			isa = PBXGroup;
			children = (
				4605E1261B6C654000C3E917 /* OUProfileViewController.h */,
				4605E1271B6C654000C3E917 /* OUProfileViewController.m */,
				468A213F1B6B1EA500C4D204 /* OUHomeViewController.h */,
				468A21401B6B1EA500C4D204 /* OUHomeViewController.m */,
			);
			name = Tabs;
			sourceTree = "<group>";
		};
		4605E1351B6D516600C3E917 /* Login */ = {
			isa = PBXGroup;
			children = (
				468A21521B6B280C00C4D204 /* OULogInViewController.h */,
				468A21531B6B280C00C4D204 /* OULogInViewController.m */,
			);
			name = Login;
			sourceTree = "<group>";
		};
		4605E1361B6D516F00C3E917 /* Register */ = {
			isa = PBXGroup;
			children = (
				468A214F1B6B27F500C4D204 /* OURegisterViewController.h */,
				468A21501B6B27F500C4D204 /* OURegisterViewController.m */,
			);
			name = Register;
			sourceTree = "<group>";
		};
		4605E1381B6D518600C3E917 /* Launch */ = {
			isa = PBXGroup;
			children = (
				468A214C1B6B26CC00C4D204 /* OUWelcomeViewController.h */,
				468A214D1B6B26CC00C4D204 /* OUWelcomeViewController.m */,
				4605E1361B6D516F00C3E917 /* Register */,
				4605E1351B6D516600C3E917 /* Login */,
			);
			name = Launch;
			sourceTree = "<group>";
		};
		466EF6901B688CCE00D099BD = {
			isa = PBXGroup;
			children = (
				466EF69B1B688CCE00D099BD /* OverheardUniversity */,
				466EF6B51B688CCF00D099BD /* OverheardUniversityTests */,
				466EF69A1B688CCE00D099BD /* Products */,
				84CCA58BF86B275B2F25AA40 /* Pods */,
				FD0EC9601D4A9959FA22B5E0 /* Frameworks */,
			);
			sourceTree = "<group>";
		};
		466EF69A1B688CCE00D099BD /* Products */ = {
			isa = PBXGroup;
			children = (
				466EF6991B688CCE00D099BD /* OverheardUniversity.app */,
				466EF6B21B688CCF00D099BD /* OverheardUniversityTests.xctest */,
			);
			name = Products;
			sourceTree = "<group>";
		};
		466EF69B1B688CCE00D099BD /* OverheardUniversity */ = {
			isa = PBXGroup;
			children = (
				468A213E1B6B1E5F00C4D204 /* Views */,
				466EF6D51B689AED00D099BD /* Controllers */,
				466EF6A01B688CCE00D099BD /* AppDelegate.h */,
				466EF6A11B688CCE00D099BD /* AppDelegate.m */,
				4671C60D1B6D6B96007281EA /* Model */,
				466EF6DA1B689D4100D099BD /* MBProgressHUD */,
				466EF6D61B689D2400D099BD /* Reachability */,
				466EF6A61B688CCE00D099BD /* Main.storyboard */,
				466EF6A91B688CCE00D099BD /* Images.xcassets */,
				466EF6AB1B688CCE00D099BD /* LaunchScreen.xib */,
				466EF6CB1B688F8C00D099BD /* Categories */,
				466EF69C1B688CCE00D099BD /* Supporting Files */,
			);
			path = OverheardUniversity;
			sourceTree = "<group>";
		};
		466EF69C1B688CCE00D099BD /* Supporting Files */ = {
			isa = PBXGroup;
			children = (
				466EF69D1B688CCE00D099BD /* Info.plist */,
				466EF69E1B688CCE00D099BD /* main.m */,
			);
			name = "Supporting Files";
			sourceTree = "<group>";
		};
		466EF6B51B688CCF00D099BD /* OverheardUniversityTests */ = {
			isa = PBXGroup;
			children = (
				466EF6B81B688CCF00D099BD /* OverheardUniversityTests.m */,
				466EF6B61B688CCF00D099BD /* Supporting Files */,
			);
			path = OverheardUniversityTests;
			sourceTree = "<group>";
		};
		466EF6B61B688CCF00D099BD /* Supporting Files */ = {
			isa = PBXGroup;
			children = (
				466EF6B71B688CCF00D099BD /* Info.plist */,
			);
			name = "Supporting Files";
			sourceTree = "<group>";
		};
		466EF6CB1B688F8C00D099BD /* Categories */ = {
			isa = PBXGroup;
			children = (
				466EF6CC1B688F8C00D099BD /* UIImage+AlphaAdditions.h */,
				466EF6CD1B688F8C00D099BD /* UIImage+AlphaAdditions.m */,
				466EF6CE1B688F8C00D099BD /* UIImage+ResizeAdditions.h */,
				466EF6CF1B688F8C00D099BD /* UIImage+ResizeAdditions.m */,
				466EF6D01B688F8C00D099BD /* UIImage+RoundedCornerAdditions.h */,
				466EF6D11B688F8C00D099BD /* UIImage+RoundedCornerAdditions.m */,
			);
			path = Categories;
			sourceTree = "<group>";
		};
		466EF6D51B689AED00D099BD /* Controllers */ = {
			isa = PBXGroup;
			children = (
				468A214B1B6B25E000C4D204 /* Feed */,
				4605E1381B6D518600C3E917 /* Launch */,
				4605E1341B6D514E00C3E917 /* Tabs */,
				460D611B1B69C919008D1894 /* OUTabBarController.h */,
				460D611C1B69C919008D1894 /* OUTabBarController.m */,
			);
			name = Controllers;
			sourceTree = "<group>";
		};
		466EF6D61B689D2400D099BD /* Reachability */ = {
			isa = PBXGroup;
			children = (
				466EF6D71B689D2400D099BD /* Reachability.h */,
				466EF6D81B689D2400D099BD /* Reachability.m */,
			);
			path = Reachability;
			sourceTree = "<group>";
		};
		466EF6DA1B689D4100D099BD /* MBProgressHUD */ = {
			isa = PBXGroup;
			children = (
				466EF6DB1B689D4100D099BD /* MBProgressHUD.h */,
				466EF6DC1B689D4100D099BD /* MBProgressHUD.m */,
			);
			name = MBProgressHUD;
			path = Reachability/MBProgressHUD;
			sourceTree = "<group>";
		};
		4671C60D1B6D6B96007281EA /* Model */ = {
			isa = PBXGroup;
			children = (
				466EF6C21B688E8300D099BD /* OUCache.h */,
				466EF6C31B688E8300D099BD /* OUCache.m */,
				4605E12C1B6CAFC500C3E917 /* OUTheme.h */,
				4605E12D1B6CAFC500C3E917 /* OUTheme.m */,
				466EF6C41B688E8300D099BD /* OUConstants.h */,
				466EF6C51B688E8300D099BD /* OUConstants.m */,
				466EF6C61B688E8300D099BD /* OUUtility.h */,
				466EF6C71B688E8300D099BD /* OUUtility.m */,
				4671C60E1B6D6BF4007281EA /* OUFetch.h */,
				4671C60F1B6D6BF4007281EA /* OUFetch.m */,
			);
			name = Model;
			sourceTree = "<group>";
		};
		468A213E1B6B1E5F00C4D204 /* Views */ = {
			isa = PBXGroup;
			children = (
				46C2A8E11B7DD0A400525D40 /* Header */,
				46C2A8D61B7DAED000525D40 /* MapCarousels */,
				46C2A8D51B7DAEA800525D40 /* PostCarousels */,
				46C2A8D11B7DAE0F00525D40 /* Footer */,
			);
			name = Views;
			sourceTree = "<group>";
		};
		468A214B1B6B25E000C4D204 /* Feed */ = {
			isa = PBXGroup;
			children = (
				468A21451B6B20DA00C4D204 /* OUBubbleViewController.h */,
				468A21461B6B20DA00C4D204 /* OUBubbleViewController.m */,
				468A21481B6B20F600C4D204 /* OUFeedViewController.h */,
				468A21491B6B20F600C4D204 /* OUFeedViewController.m */,
			);
			name = Feed;
			sourceTree = "<group>";
		};
		46C2A8D11B7DAE0F00525D40 /* Footer */ = {
			isa = PBXGroup;
			children = (
				46C2A8CB1B7D968200525D40 /* OUFooterView.h */,
				46C2A8CC1B7D968200525D40 /* OUFooterView.m */,
				4618DCE01B782A9800163647 /* OUCreatePostTextView.h */,
				4618DCE11B782A9800163647 /* OUCreatePostTextView.m */,
			);
			name = Footer;
			sourceTree = "<group>";
		};
		46C2A8D51B7DAEA800525D40 /* PostCarousels */ = {
			isa = PBXGroup;
			children = (
				46C2A8DB1B7DB68400525D40 /* OUCreatePostCarousel.h */,
				46C2A8DC1B7DB68400525D40 /* OUCreatePostCarousel.m */,
				46C2A8DA1B7DB13B00525D40 /* BuildingCarousel */,
				46C2A8D21B7DAE7100525D40 /* OUParticipantCarousel.h */,
				46C2A8D31B7DAE7100525D40 /* OUParticipantCarousel.m */,
			);
			name = PostCarousels;
			sourceTree = "<group>";
		};
		46C2A8D61B7DAED000525D40 /* MapCarousels */ = {
			isa = PBXGroup;
			children = (
				468A21421B6B207E00C4D204 /* OUSchoolCarousel.h */,
				468A21431B6B207E00C4D204 /* OUSchoolCarousel.m */,
				468A213B1B6B1AD200C4D204 /* OULocationCarousel.h */,
				468A213C1B6B1AD200C4D204 /* OULocationCarousel.m */,
				4671C6141B6F44B2007281EA /* OULocationCarouselItem.h */,
				4671C6151B6F44B2007281EA /* OULocationCarouselItem.m */,
				4671C6111B6F3A8D007281EA /* OUListenButton.h */,
				4671C6121B6F3A8D007281EA /* OUListenButton.m */,
			);
			name = MapCarousels;
			sourceTree = "<group>";
		};
		46C2A8DA1B7DB13B00525D40 /* BuildingCarousel */ = {
			isa = PBXGroup;
			children = (
				46C2A8CE1B7DADE000525D40 /* OUBuildingCarousel.h */,
				46C2A8CF1B7DADE000525D40 /* OUBuildingCarousel.m */,
				46C2A8D71B7DB13100525D40 /* OUBuildingCarouselButton.h */,
				46C2A8D81B7DB13100525D40 /* OUBuildingCarouselButton.m */,
			);
			name = BuildingCarousel;
			sourceTree = "<group>";
		};
		46C2A8E11B7DD0A400525D40 /* Header */ = {
			isa = PBXGroup;
			children = (
				46C2A8DE1B7DD08F00525D40 /* OUHeaderView.h */,
				46C2A8DF1B7DD08F00525D40 /* OUHeaderView.m */,
			);
			name = Header;
			sourceTree = "<group>";
		};
		84CCA58BF86B275B2F25AA40 /* Pods */ = {
			isa = PBXGroup;
			children = (
				ADF1B07972D822386067B737 /* Pods-OverheardUniversity.debug.xcconfig */,
				E6DA70CB314E5EEC9CF85ED2 /* Pods-OverheardUniversity.release.xcconfig */,
			);
			name = Pods;
			sourceTree = "<group>";
		};
		FD0EC9601D4A9959FA22B5E0 /* Frameworks */ = {
			isa = PBXGroup;
			children = (
				4605E12F1B6CC18100C3E917 /* MapKit.framework */,
				CE19B57B8F3D9F615A3EB155 /* libPods-OverheardUniversity.a */,
			);
			name = Frameworks;
			sourceTree = "<group>";
		};
/* End PBXGroup section */

/* Begin PBXNativeTarget section */
		466EF6981B688CCE00D099BD /* OverheardUniversity */ = {
			isa = PBXNativeTarget;
			buildConfigurationList = 466EF6BC1B688CCF00D099BD /* Build configuration list for PBXNativeTarget "OverheardUniversity" */;
			buildPhases = (
				BDFCC1A2ABEE27C0998CBB9D /* Check Pods Manifest.lock */,
				466EF6951B688CCE00D099BD /* Sources */,
				466EF6961B688CCE00D099BD /* Frameworks */,
				466EF6971B688CCE00D099BD /* Resources */,
				07DF71B1945099739F0E09F5 /* Copy Pods Resources */,
			);
			buildRules = (
			);
			dependencies = (
			);
			name = OverheardUniversity;
			productName = OverheardUniversity;
			productReference = 466EF6991B688CCE00D099BD /* OverheardUniversity.app */;
			productType = "com.apple.product-type.application";
		};
		466EF6B11B688CCF00D099BD /* OverheardUniversityTests */ = {
			isa = PBXNativeTarget;
			buildConfigurationList = 466EF6BF1B688CCF00D099BD /* Build configuration list for PBXNativeTarget "OverheardUniversityTests" */;
			buildPhases = (
				466EF6AE1B688CCF00D099BD /* Sources */,
				466EF6AF1B688CCF00D099BD /* Frameworks */,
				466EF6B01B688CCF00D099BD /* Resources */,
			);
			buildRules = (
			);
			dependencies = (
				466EF6B41B688CCF00D099BD /* PBXTargetDependency */,
			);
			name = OverheardUniversityTests;
			productName = OverheardUniversityTests;
			productReference = 466EF6B21B688CCF00D099BD /* OverheardUniversityTests.xctest */;
			productType = "com.apple.product-type.bundle.unit-test";
		};
/* End PBXNativeTarget section */

/* Begin PBXProject section */
		466EF6911B688CCE00D099BD /* Project object */ = {
			isa = PBXProject;
			attributes = {
				LastUpgradeCheck = 0640;
				ORGANIZATIONNAME = OverheardUniversity;
				TargetAttributes = {
					466EF6981B688CCE00D099BD = {
						CreatedOnToolsVersion = 6.4;
					};
					466EF6B11B688CCF00D099BD = {
						CreatedOnToolsVersion = 6.4;
						TestTargetID = 466EF6981B688CCE00D099BD;
					};
				};
			};
			buildConfigurationList = 466EF6941B688CCE00D099BD /* Build configuration list for PBXProject "OverheardUniversity" */;
			compatibilityVersion = "Xcode 3.2";
			developmentRegion = English;
			hasScannedForEncodings = 0;
			knownRegions = (
				en,
				Base,
			);
			mainGroup = 466EF6901B688CCE00D099BD;
			productRefGroup = 466EF69A1B688CCE00D099BD /* Products */;
			projectDirPath = "";
			projectRoot = "";
			targets = (
				466EF6981B688CCE00D099BD /* OverheardUniversity */,
				466EF6B11B688CCF00D099BD /* OverheardUniversityTests */,
			);
		};
/* End PBXProject section */

/* Begin PBXResourcesBuildPhase section */
		466EF6971B688CCE00D099BD /* Resources */ = {
			isa = PBXResourcesBuildPhase;
			buildActionMask = 2147483647;
			files = (
				466EF6A81B688CCE00D099BD /* Main.storyboard in Resources */,
				466EF6AD1B688CCE00D099BD /* LaunchScreen.xib in Resources */,
				466EF6AA1B688CCE00D099BD /* Images.xcassets in Resources */,
			);
			runOnlyForDeploymentPostprocessing = 0;
		};
		466EF6B01B688CCF00D099BD /* Resources */ = {
			isa = PBXResourcesBuildPhase;
			buildActionMask = 2147483647;
			files = (
			);
			runOnlyForDeploymentPostprocessing = 0;
		};
/* End PBXResourcesBuildPhase section */

/* Begin PBXShellScriptBuildPhase section */
		07DF71B1945099739F0E09F5 /* Copy Pods Resources */ = {
			isa = PBXShellScriptBuildPhase;
			buildActionMask = 2147483647;
			files = (
			);
			inputPaths = (
			);
			name = "Copy Pods Resources";
			outputPaths = (
			);
			runOnlyForDeploymentPostprocessing = 0;
			shellPath = /bin/sh;
			shellScript = "\"${SRCROOT}/Pods/Target Support Files/Pods-OverheardUniversity/Pods-OverheardUniversity-resources.sh\"\n";
			showEnvVarsInLog = 0;
		};
		BDFCC1A2ABEE27C0998CBB9D /* Check Pods Manifest.lock */ = {
			isa = PBXShellScriptBuildPhase;
			buildActionMask = 2147483647;
			files = (
			);
			inputPaths = (
			);
			name = "Check Pods Manifest.lock";
			outputPaths = (
			);
			runOnlyForDeploymentPostprocessing = 0;
			shellPath = /bin/sh;
			shellScript = "diff \"${PODS_ROOT}/../Podfile.lock\" \"${PODS_ROOT}/Manifest.lock\" > /dev/null\nif [[ $? != 0 ]] ; then\n    cat << EOM\nerror: The sandbox is not in sync with the Podfile.lock. Run 'pod install' or update your CocoaPods installation.\nEOM\n    exit 1\nfi\n";
			showEnvVarsInLog = 0;
		};
/* End PBXShellScriptBuildPhase section */

/* Begin PBXSourcesBuildPhase section */
		466EF6951B688CCE00D099BD /* Sources */ = {
			isa = PBXSourcesBuildPhase;
			buildActionMask = 2147483647;
			files = (
				468A214A1B6B20F600C4D204 /* OUFeedViewController.m in Sources */,
				46C2A8DD1B7DB68400525D40 /* OUCreatePostCarousel.m in Sources */,
				466EF6CA1B688E8300D099BD /* OUUtility.m in Sources */,
				46C2A8D01B7DADE000525D40 /* OUBuildingCarousel.m in Sources */,
				46C2A8D41B7DAE7100525D40 /* OUParticipantCarousel.m in Sources */,
				466EF6D31B688F8C00D099BD /* UIImage+ResizeAdditions.m in Sources */,
				468A21471B6B20DA00C4D204 /* OUBubbleViewController.m in Sources */,
				4605E1281B6C654000C3E917 /* OUProfileViewController.m in Sources */,
				46C2A8D91B7DB13100525D40 /* OUBuildingCarouselButton.m in Sources */,
				4671C6161B6F44B2007281EA /* OULocationCarouselItem.m in Sources */,
				468A213D1B6B1AD200C4D204 /* OULocationCarousel.m in Sources */,
				466EF6D21B688F8C00D099BD /* UIImage+AlphaAdditions.m in Sources */,
				460D611D1B69C919008D1894 /* OUTabBarController.m in Sources */,
				466EF6D41B688F8C00D099BD /* UIImage+RoundedCornerAdditions.m in Sources */,
				46C2A8E01B7DD08F00525D40 /* OUHeaderView.m in Sources */,
				466EF6DD1B689D4100D099BD /* MBProgressHUD.m in Sources */,
				46C2A8CD1B7D968200525D40 /* OUFooterView.m in Sources */,
				466EF6D91B689D2400D099BD /* Reachability.m in Sources */,
				4605E12E1B6CAFC500C3E917 /* OUTheme.m in Sources */,
				4671C6101B6D6BF4007281EA /* OUFetch.m in Sources */,
				468A21411B6B1EA500C4D204 /* OUHomeViewController.m in Sources */,
				468A21511B6B27F500C4D204 /* OURegisterViewController.m in Sources */,
				466EF6C81B688E8300D099BD /* OUCache.m in Sources */,
				4671C6131B6F3A8D007281EA /* OUListenButton.m in Sources */,
				468A214E1B6B26CC00C4D204 /* OUWelcomeViewController.m in Sources */,
				468A21441B6B207E00C4D204 /* OUSchoolCarousel.m in Sources */,
				466EF6C91B688E8300D099BD /* OUConstants.m in Sources */,
				4618DCE21B782A9800163647 /* OUCreatePostTextView.m in Sources */,
				468A21541B6B280C00C4D204 /* OULogInViewController.m in Sources */,
				466EF6A21B688CCE00D099BD /* AppDelegate.m in Sources */,
				466EF69F1B688CCE00D099BD /* main.m in Sources */,
			);
			runOnlyForDeploymentPostprocessing = 0;
		};
		466EF6AE1B688CCF00D099BD /* Sources */ = {
			isa = PBXSourcesBuildPhase;
			buildActionMask = 2147483647;
			files = (
				466EF6B91B688CCF00D099BD /* OverheardUniversityTests.m in Sources */,
			);
			runOnlyForDeploymentPostprocessing = 0;
		};
/* End PBXSourcesBuildPhase section */

/* Begin PBXTargetDependency section */
		466EF6B41B688CCF00D099BD /* PBXTargetDependency */ = {
			isa = PBXTargetDependency;
			target = 466EF6981B688CCE00D099BD /* OverheardUniversity */;
			targetProxy = 466EF6B31B688CCF00D099BD /* PBXContainerItemProxy */;
		};
/* End PBXTargetDependency section */

/* Begin PBXVariantGroup section */
		466EF6A61B688CCE00D099BD /* Main.storyboard */ = {
			isa = PBXVariantGroup;
			children = (
				466EF6A71B688CCE00D099BD /* Base */,
			);
			name = Main.storyboard;
			sourceTree = "<group>";
		};
		466EF6AB1B688CCE00D099BD /* LaunchScreen.xib */ = {
			isa = PBXVariantGroup;
			children = (
				466EF6AC1B688CCE00D099BD /* Base */,
			);
			name = LaunchScreen.xib;
			sourceTree = "<group>";
		};
/* End PBXVariantGroup section */

/* Begin XCBuildConfiguration section */
		466EF6BA1B688CCF00D099BD /* Debug */ = {
			isa = XCBuildConfiguration;
			buildSettings = {
				ALWAYS_SEARCH_USER_PATHS = NO;
				CLANG_CXX_LANGUAGE_STANDARD = "gnu++0x";
				CLANG_CXX_LIBRARY = "libc++";
				CLANG_ENABLE_MODULES = YES;
				CLANG_ENABLE_OBJC_ARC = YES;
				CLANG_WARN_BOOL_CONVERSION = YES;
				CLANG_WARN_CONSTANT_CONVERSION = YES;
				CLANG_WARN_DIRECT_OBJC_ISA_USAGE = YES_ERROR;
				CLANG_WARN_EMPTY_BODY = YES;
				CLANG_WARN_ENUM_CONVERSION = YES;
				CLANG_WARN_INT_CONVERSION = YES;
				CLANG_WARN_OBJC_ROOT_CLASS = YES_ERROR;
				CLANG_WARN_UNREACHABLE_CODE = YES;
				CLANG_WARN__DUPLICATE_METHOD_MATCH = YES;
				"CODE_SIGN_IDENTITY[sdk=iphoneos*]" = "iPhone Developer";
				COPY_PHASE_STRIP = NO;
				DEBUG_INFORMATION_FORMAT = "dwarf-with-dsym";
				ENABLE_STRICT_OBJC_MSGSEND = YES;
				GCC_C_LANGUAGE_STANDARD = gnu99;
				GCC_DYNAMIC_NO_PIC = NO;
				GCC_NO_COMMON_BLOCKS = YES;
				GCC_OPTIMIZATION_LEVEL = 0;
				GCC_PREPROCESSOR_DEFINITIONS = (
					"DEBUG=1",
					"$(inherited)",
				);
				GCC_SYMBOLS_PRIVATE_EXTERN = NO;
				GCC_WARN_64_TO_32_BIT_CONVERSION = YES;
				GCC_WARN_ABOUT_RETURN_TYPE = YES_ERROR;
				GCC_WARN_UNDECLARED_SELECTOR = YES;
				GCC_WARN_UNINITIALIZED_AUTOS = YES_AGGRESSIVE;
				GCC_WARN_UNUSED_FUNCTION = YES;
				GCC_WARN_UNUSED_VARIABLE = YES;
				IPHONEOS_DEPLOYMENT_TARGET = 8.4;
				MTL_ENABLE_DEBUG_INFO = YES;
				ONLY_ACTIVE_ARCH = YES;
				SDKROOT = iphoneos;
			};
			name = Debug;
		};
		466EF6BB1B688CCF00D099BD /* Release */ = {
			isa = XCBuildConfiguration;
			buildSettings = {
				ALWAYS_SEARCH_USER_PATHS = NO;
				CLANG_CXX_LANGUAGE_STANDARD = "gnu++0x";
				CLANG_CXX_LIBRARY = "libc++";
				CLANG_ENABLE_MODULES = YES;
				CLANG_ENABLE_OBJC_ARC = YES;
				CLANG_WARN_BOOL_CONVERSION = YES;
				CLANG_WARN_CONSTANT_CONVERSION = YES;
				CLANG_WARN_DIRECT_OBJC_ISA_USAGE = YES_ERROR;
				CLANG_WARN_EMPTY_BODY = YES;
				CLANG_WARN_ENUM_CONVERSION = YES;
				CLANG_WARN_INT_CONVERSION = YES;
				CLANG_WARN_OBJC_ROOT_CLASS = YES_ERROR;
				CLANG_WARN_UNREACHABLE_CODE = YES;
				CLANG_WARN__DUPLICATE_METHOD_MATCH = YES;
				"CODE_SIGN_IDENTITY[sdk=iphoneos*]" = "iPhone Developer";
				COPY_PHASE_STRIP = NO;
				DEBUG_INFORMATION_FORMAT = "dwarf-with-dsym";
				ENABLE_NS_ASSERTIONS = NO;
				ENABLE_STRICT_OBJC_MSGSEND = YES;
				GCC_C_LANGUAGE_STANDARD = gnu99;
				GCC_NO_COMMON_BLOCKS = YES;
				GCC_WARN_64_TO_32_BIT_CONVERSION = YES;
				GCC_WARN_ABOUT_RETURN_TYPE = YES_ERROR;
				GCC_WARN_UNDECLARED_SELECTOR = YES;
				GCC_WARN_UNINITIALIZED_AUTOS = YES_AGGRESSIVE;
				GCC_WARN_UNUSED_FUNCTION = YES;
				GCC_WARN_UNUSED_VARIABLE = YES;
				IPHONEOS_DEPLOYMENT_TARGET = 8.4;
				MTL_ENABLE_DEBUG_INFO = NO;
				SDKROOT = iphoneos;
				VALIDATE_PRODUCT = YES;
			};
			name = Release;
		};
		466EF6BD1B688CCF00D099BD /* Debug */ = {
			isa = XCBuildConfiguration;
			baseConfigurationReference = ADF1B07972D822386067B737 /* Pods-OverheardUniversity.debug.xcconfig */;
			buildSettings = {
				ASSETCATALOG_COMPILER_APPICON_NAME = AppIcon;
				INFOPLIST_FILE = OverheardUniversity/Info.plist;
				LD_RUNPATH_SEARCH_PATHS = "$(inherited) @executable_path/Frameworks";
				PRODUCT_NAME = "$(TARGET_NAME)";
			};
			name = Debug;
		};
		466EF6BE1B688CCF00D099BD /* Release */ = {
			isa = XCBuildConfiguration;
			baseConfigurationReference = E6DA70CB314E5EEC9CF85ED2 /* Pods-OverheardUniversity.release.xcconfig */;
			buildSettings = {
				ASSETCATALOG_COMPILER_APPICON_NAME = AppIcon;
				INFOPLIST_FILE = OverheardUniversity/Info.plist;
				LD_RUNPATH_SEARCH_PATHS = "$(inherited) @executable_path/Frameworks";
				PRODUCT_NAME = "$(TARGET_NAME)";
			};
			name = Release;
		};
		466EF6C01B688CCF00D099BD /* Debug */ = {
			isa = XCBuildConfiguration;
			buildSettings = {
				BUNDLE_LOADER = "$(TEST_HOST)";
				FRAMEWORK_SEARCH_PATHS = (
					"$(SDKROOT)/Developer/Library/Frameworks",
					"$(inherited)",
				);
				GCC_PREPROCESSOR_DEFINITIONS = (
					"DEBUG=1",
					"$(inherited)",
				);
				INFOPLIST_FILE = OverheardUniversityTests/Info.plist;
				LD_RUNPATH_SEARCH_PATHS = "$(inherited) @executable_path/Frameworks @loader_path/Frameworks";
				PRODUCT_NAME = "$(TARGET_NAME)";
				TEST_HOST = "$(BUILT_PRODUCTS_DIR)/OverheardUniversity.app/OverheardUniversity";
			};
			name = Debug;
		};
		466EF6C11B688CCF00D099BD /* Release */ = {
			isa = XCBuildConfiguration;
			buildSettings = {
				BUNDLE_LOADER = "$(TEST_HOST)";
				FRAMEWORK_SEARCH_PATHS = (
					"$(SDKROOT)/Developer/Library/Frameworks",
					"$(inherited)",
				);
				INFOPLIST_FILE = OverheardUniversityTests/Info.plist;
				LD_RUNPATH_SEARCH_PATHS = "$(inherited) @executable_path/Frameworks @loader_path/Frameworks";
				PRODUCT_NAME = "$(TARGET_NAME)";
				TEST_HOST = "$(BUILT_PRODUCTS_DIR)/OverheardUniversity.app/OverheardUniversity";
			};
			name = Release;
		};
/* End XCBuildConfiguration section */

/* Begin XCConfigurationList section */
		466EF6941B688CCE00D099BD /* Build configuration list for PBXProject "OverheardUniversity" */ = {
			isa = XCConfigurationList;
			buildConfigurations = (
				466EF6BA1B688CCF00D099BD /* Debug */,
				466EF6BB1B688CCF00D099BD /* Release */,
			);
			defaultConfigurationIsVisible = 0;
			defaultConfigurationName = Release;
		};
		466EF6BC1B688CCF00D099BD /* Build configuration list for PBXNativeTarget "OverheardUniversity" */ = {
			isa = XCConfigurationList;
			buildConfigurations = (
				466EF6BD1B688CCF00D099BD /* Debug */,
				466EF6BE1B688CCF00D099BD /* Release */,
			);
			defaultConfigurationIsVisible = 0;
			defaultConfigurationName = Release;
		};
		466EF6BF1B688CCF00D099BD /* Build configuration list for PBXNativeTarget "OverheardUniversityTests" */ = {
			isa = XCConfigurationList;
			buildConfigurations = (
				466EF6C01B688CCF00D099BD /* Debug */,
				466EF6C11B688CCF00D099BD /* Release */,
			);
			defaultConfigurationIsVisible = 0;
			defaultConfigurationName = Release;
		};
/* End XCConfigurationList section */
	};
	rootObject = 466EF6911B688CCE00D099BD /* Project object */;
}
